
Microsoft Visual Studio Solution File, Format Version 12.00
# Visual Studio 2012
Project("{FAE04EC0-301F-11D3-BF4B-00C04F79EFBC}") = "wi-fi-display-pc-common", "wi-fi-display-pc-common\wi-fi-display-pc-common.csproj", "{03C02C4F-DB0A-40A0-9D49-9F4F7DF15478}"
EndProject
Global
	GlobalSection(SolutionConfigurationPlatforms) = preSolution
		Debug|Any CPU = Debug|Any CPU
		Release|Any CPU = Release|Any CPU
	EndGlobalSection
	GlobalSection(ProjectConfigurationPlatforms) = postSolution
		{03C02C4F-DB0A-40A0-9D49-9F4F7DF15478}.Debug|Any CPU.ActiveCfg = Debug|Any CPU
		{03C02C4F-DB0A-40A0-9D49-9F4F7DF15478}.Debug|Any CPU.Build.0 = Debug|Any CPU
		{03C02C4F-DB0A-40A0-9D49-9F4F7DF15478}.Release|Any CPU.ActiveCfg = Release|Any CPU
		{03C02C4F-DB0A-40A0-9D49-9F4F7DF15478}.Release|Any CPU.Build.0 = Release|Any CPU
	EndGlobalSection
	GlobalSection(SolutionProperties) = preSolution
		HideSolutionNode = FALSE
	EndGlobalSection
EndGlobal
